<?xml version="1.0" encoding="UTF-8" standalone="yes" ?>
<CodeBlocks_project_file>
	<FileVersion major="1" minor="6" />
	<Project>
		<Option title="ProsdevAssignment" />
		<Option pch_mode="2" />
		<Option compiler="gcc" />
		<Build>
			<Target title="Debug">
				<Option output="cb/bin/Debug/ProsdevAssignment" prefix_auto="1" extension_auto="1" />
				<Option object_output="cb/obj/Debug/" />
				<Option type="1" />
				<Option compiler="gcc" />
				<Compiler>
					<Add option="-g" />
					<Add option="-std=gnu++11" />
					<Add option="-Wno-invalid-offsetof" />
				</Compiler>
			</Target>
			<Target title="Release">
				<Option output="cb/bin/Release/ProsdevAssignment" prefix_auto="1" extension_auto="1" />
				<Option object_output="cb/obj/Release/" />
				<Option type="1" />
				<Option compiler="gcc" />
				<Compiler>
					<Add option="-O2" />
					<Add option="-std=gnu++11" />
					<Add option="-Wno-invalid-offsetof" />
				</Compiler>
				<Linker>
					<Add option="-s" />
				</Linker>
			</Target>
		</Build>
		<Compiler>
			<Add option="-Wall" />
			<Add option="-fexceptions" />
		</Compiler>
		<Unit filename="archive.cpp" />
		<Unit filename="archive.h" />
		<Unit filename="filesystem.h" />
		<Unit filename="prosdevassignment.cpp" />
		<Unit filename="reflection.h" />
		<Unit filename="sampleobject.cpp" />
		<Unit filename="sampleobject.h" />
		<Unit filename="standardfilesystem.cpp" />
		<Unit filename="standardfilesystem.h" />
		<Extensions>
			<code_completion />
			<envvars />
			<debugger />
			<lib_finder disable_auto="1" />
		</Extensions>
	</Project>
</CodeBlocks_project_file>
